// !$*UTF8*$!
{
	archiveVersion = 1;
	classes = {
	};
	objectVersion = 46;
	objects = {

/* Begin PBXBuildFile section */
		3EE0103CB0165E913F7EB61F /* Pods_TestProjectUITests.framework in Frameworks */ = {isa = PBXBuildFile; fileRef = 6B82E07D94D45B9548ED5994 /* Pods_TestProjectUITests.framework */; };
		710D81241E396A8C00697D80 /* AppDelegate.swift in Sources */ = {isa = PBXBuildFile; fileRef = 710D81231E396A8C00697D80 /* AppDelegate.swift */; };
		710D81261E396A8C00697D80 /* ViewController.swift in Sources */ = {isa = PBXBuildFile; fileRef = 710D81251E396A8C00697D80 /* ViewController.swift */; };
		710D812B1E396A8C00697D80 /* Assets.xcassets in Resources */ = {isa = PBXBuildFile; fileRef = 710D812A1E396A8C00697D80 /* Assets.xcassets */; };
		710D812E1E396A8C00697D80 /* LaunchScreen.storyboard in Resources */ = {isa = PBXBuildFile; fileRef = 710D812C1E396A8C00697D80 /* LaunchScreen.storyboard */; };
		710D81391E396A8C00697D80 /* TestProjectTests.swift in Sources */ = {isa = PBXBuildFile; fileRef = 710D81381E396A8C00697D80 /* TestProjectTests.swift */; };
		710D81441E396A8D00697D80 /* TestProjectUITests.swift in Sources */ = {isa = PBXBuildFile; fileRef = 710D81431E396A8D00697D80 /* TestProjectUITests.swift */; };
		710D81521E396B0500697D80 /* DDAnswerChoicesView.swift in Sources */ = {isa = PBXBuildFile; fileRef = 710D81511E396B0500697D80 /* DDAnswerChoicesView.swift */; };
		710D81541E396B5500697D80 /* DDAnswerChoicesView.xib in Resources */ = {isa = PBXBuildFile; fileRef = 710D81531E396B5500697D80 /* DDAnswerChoicesView.xib */; };
		710D81571E39714500697D80 /* DDNewPersonViewController.swift in Sources */ = {isa = PBXBuildFile; fileRef = 710D81561E39714500697D80 /* DDNewPersonViewController.swift */; };
		8ECEEDDC35BCE8C98EF4C801 /* Pods_TestProject.framework in Frameworks */ = {isa = PBXBuildFile; fileRef = F89926E31196E27FB44A26D8 /* Pods_TestProject.framework */; };
		8FAA57B631D1408491F3A161 /* Pods_TestProjectTests.framework in Frameworks */ = {isa = PBXBuildFile; fileRef = 8B10E90191A245190C1F21C8 /* Pods_TestProjectTests.framework */; };
		A22131C41E425B040042272E /* Main.storyboard in Resources */ = {isa = PBXBuildFile; fileRef = A22131C21E425B040042272E /* Main.storyboard */; };
		A22131C81E4272FF0042272E /* TopView.xib in Resources */ = {isa = PBXBuildFile; fileRef = A22131C71E4272FF0042272E /* TopView.xib */; };
		A22131CA1E42730D0042272E /* TopView.swift in Sources */ = {isa = PBXBuildFile; fileRef = A22131C91E42730D0042272E /* TopView.swift */; };
		A287926E1E3E964F00C70880 /* GoogleService-Info.plist in Resources */ = {isa = PBXBuildFile; fileRef = A287926D1E3E964F00C70880 /* GoogleService-Info.plist */; };
/* End PBXBuildFile section */

/* Begin PBXContainerItemProxy section */
		710D81351E396A8C00697D80 /* PBXContainerItemProxy */ = {
			isa = PBXContainerItemProxy;
			containerPortal = 710D81181E396A8C00697D80 /* Project object */;
			proxyType = 1;
			remoteGlobalIDString = 710D811F1E396A8C00697D80;
			remoteInfo = TestProject;
		};
		710D81401E396A8D00697D80 /* PBXContainerItemProxy */ = {
			isa = PBXContainerItemProxy;
			containerPortal = 710D81181E396A8C00697D80 /* Project object */;
			proxyType = 1;
			remoteGlobalIDString = 710D811F1E396A8C00697D80;
			remoteInfo = TestProject;
		};
/* End PBXContainerItemProxy section */

/* Begin PBXFileReference section */
		07AC50277E7BCE42A6D3AF37 /* Pods-TestProjectUITests.debug.xcconfig */ = {isa = PBXFileReference; includeInIndex = 1; lastKnownFileType = text.xcconfig; name = "Pods-TestProjectUITests.debug.xcconfig"; path = "Pods/Target Support Files/Pods-TestProjectUITests/Pods-TestProjectUITests.debug.xcconfig"; sourceTree = "<group>"; };
		0AF0DC83DDBAE6BA1E664892 /* Pods-TestProjectTests.debug.xcconfig */ = {isa = PBXFileReference; includeInIndex = 1; lastKnownFileType = text.xcconfig; name = "Pods-TestProjectTests.debug.xcconfig"; path = "Pods/Target Support Files/Pods-TestProjectTests/Pods-TestProjectTests.debug.xcconfig"; sourceTree = "<group>"; };
		592D26D1F28E358F2C395134 /* Pods-TestProject.debug.xcconfig */ = {isa = PBXFileReference; includeInIndex = 1; lastKnownFileType = text.xcconfig; name = "Pods-TestProject.debug.xcconfig"; path = "Pods/Target Support Files/Pods-TestProject/Pods-TestProject.debug.xcconfig"; sourceTree = "<group>"; };
		6475244CF587480D90EC1F9E /* Pods-TestProjectUITests.release.xcconfig */ = {isa = PBXFileReference; includeInIndex = 1; lastKnownFileType = text.xcconfig; name = "Pods-TestProjectUITests.release.xcconfig"; path = "Pods/Target Support Files/Pods-TestProjectUITests/Pods-TestProjectUITests.release.xcconfig"; sourceTree = "<group>"; };
		6B82E07D94D45B9548ED5994 /* Pods_TestProjectUITests.framework */ = {isa = PBXFileReference; explicitFileType = wrapper.framework; includeInIndex = 0; path = Pods_TestProjectUITests.framework; sourceTree = BUILT_PRODUCTS_DIR; };
		710D81201E396A8C00697D80 /* TestProject.app */ = {isa = PBXFileReference; explicitFileType = wrapper.application; includeInIndex = 0; path = TestProject.app; sourceTree = BUILT_PRODUCTS_DIR; };
		710D81231E396A8C00697D80 /* AppDelegate.swift */ = {isa = PBXFileReference; lastKnownFileType = sourcecode.swift; path = AppDelegate.swift; sourceTree = "<group>"; };
		710D81251E396A8C00697D80 /* ViewController.swift */ = {isa = PBXFileReference; lastKnownFileType = sourcecode.swift; path = ViewController.swift; sourceTree = "<group>"; };
		710D812A1E396A8C00697D80 /* Assets.xcassets */ = {isa = PBXFileReference; lastKnownFileType = folder.assetcatalog; path = Assets.xcassets; sourceTree = "<group>"; };
		710D812D1E396A8C00697D80 /* Base */ = {isa = PBXFileReference; lastKnownFileType = file.storyboard; name = Base; path = Base.lproj/LaunchScreen.storyboard; sourceTree = "<group>"; };
		710D812F1E396A8C00697D80 /* Info.plist */ = {isa = PBXFileReference; lastKnownFileType = text.plist.xml; path = Info.plist; sourceTree = "<group>"; };
		710D81341E396A8C00697D80 /* TestProjectTests.xctest */ = {isa = PBXFileReference; explicitFileType = wrapper.cfbundle; includeInIndex = 0; path = TestProjectTests.xctest; sourceTree = BUILT_PRODUCTS_DIR; };
		710D81381E396A8C00697D80 /* TestProjectTests.swift */ = {isa = PBXFileReference; lastKnownFileType = sourcecode.swift; path = TestProjectTests.swift; sourceTree = "<group>"; };
		710D813A1E396A8D00697D80 /* Info.plist */ = {isa = PBXFileReference; lastKnownFileType = text.plist.xml; path = Info.plist; sourceTree = "<group>"; };
		710D813F1E396A8D00697D80 /* TestProjectUITests.xctest */ = {isa = PBXFileReference; explicitFileType = wrapper.cfbundle; includeInIndex = 0; path = TestProjectUITests.xctest; sourceTree = BUILT_PRODUCTS_DIR; };
		710D81431E396A8D00697D80 /* TestProjectUITests.swift */ = {isa = PBXFileReference; lastKnownFileType = sourcecode.swift; path = TestProjectUITests.swift; sourceTree = "<group>"; };
		710D81451E396A8D00697D80 /* Info.plist */ = {isa = PBXFileReference; lastKnownFileType = text.plist.xml; path = Info.plist; sourceTree = "<group>"; };
		710D81511E396B0500697D80 /* DDAnswerChoicesView.swift */ = {isa = PBXFileReference; fileEncoding = 4; lastKnownFileType = sourcecode.swift; path = DDAnswerChoicesView.swift; sourceTree = "<group>"; };
		710D81531E396B5500697D80 /* DDAnswerChoicesView.xib */ = {isa = PBXFileReference; fileEncoding = 4; lastKnownFileType = file.xib; path = DDAnswerChoicesView.xib; sourceTree = "<group>"; };
		710D81561E39714500697D80 /* DDNewPersonViewController.swift */ = {isa = PBXFileReference; fileEncoding = 4; lastKnownFileType = sourcecode.swift; path = DDNewPersonViewController.swift; sourceTree = "<group>"; };
		8B10E90191A245190C1F21C8 /* Pods_TestProjectTests.framework */ = {isa = PBXFileReference; explicitFileType = wrapper.framework; includeInIndex = 0; path = Pods_TestProjectTests.framework; sourceTree = BUILT_PRODUCTS_DIR; };
		937BBCE654E29A1C0BA216DA /* Pods-TestProject.release.xcconfig */ = {isa = PBXFileReference; includeInIndex = 1; lastKnownFileType = text.xcconfig; name = "Pods-TestProject.release.xcconfig"; path = "Pods/Target Support Files/Pods-TestProject/Pods-TestProject.release.xcconfig"; sourceTree = "<group>"; };
		95D0310AC190D003C30A66AD /* Pods-TestProjectTests.release.xcconfig */ = {isa = PBXFileReference; includeInIndex = 1; lastKnownFileType = text.xcconfig; name = "Pods-TestProjectTests.release.xcconfig"; path = "Pods/Target Support Files/Pods-TestProjectTests/Pods-TestProjectTests.release.xcconfig"; sourceTree = "<group>"; };
		A22131C31E425B040042272E /* Base */ = {isa = PBXFileReference; lastKnownFileType = file.storyboard; name = Base; path = Base.lproj/Main.storyboard; sourceTree = "<group>"; };
		A22131C71E4272FF0042272E /* TopView.xib */ = {isa = PBXFileReference; fileEncoding = 4; lastKnownFileType = file.xib; path = TopView.xib; sourceTree = "<group>"; };
		A22131C91E42730D0042272E /* TopView.swift */ = {isa = PBXFileReference; fileEncoding = 4; lastKnownFileType = sourcecode.swift; path = TopView.swift; sourceTree = "<group>"; };
		A287926D1E3E964F00C70880 /* GoogleService-Info.plist */ = {isa = PBXFileReference; fileEncoding = 4; lastKnownFileType = text.plist.xml; name = "GoogleService-Info.plist"; path = "../../GoogleService-Info.plist"; sourceTree = "<group>"; };
		F89926E31196E27FB44A26D8 /* Pods_TestProject.framework */ = {isa = PBXFileReference; explicitFileType = wrapper.framework; includeInIndex = 0; path = Pods_TestProject.framework; sourceTree = BUILT_PRODUCTS_DIR; };
/* End PBXFileReference section */

/* Begin PBXFrameworksBuildPhase section */
		710D811D1E396A8C00697D80 /* Frameworks */ = {
			isa = PBXFrameworksBuildPhase;
			buildActionMask = 2147483647;
			files = (
				8ECEEDDC35BCE8C98EF4C801 /* Pods_TestProject.framework in Frameworks */,
			);
			runOnlyForDeploymentPostprocessing = 0;
		};
		710D81311E396A8C00697D80 /* Frameworks */ = {
			isa = PBXFrameworksBuildPhase;
			buildActionMask = 2147483647;
			files = (
				8FAA57B631D1408491F3A161 /* Pods_TestProjectTests.framework in Frameworks */,
			);
			runOnlyForDeploymentPostprocessing = 0;
		};
		710D813C1E396A8D00697D80 /* Frameworks */ = {
			isa = PBXFrameworksBuildPhase;
			buildActionMask = 2147483647;
			files = (
				3EE0103CB0165E913F7EB61F /* Pods_TestProjectUITests.framework in Frameworks */,
			);
			runOnlyForDeploymentPostprocessing = 0;
		};
/* End PBXFrameworksBuildPhase section */

/* Begin PBXGroup section */
		1EEB6C6D299F5909FC8EB017 /* Frameworks */ = {
			isa = PBXGroup;
			children = (
				F89926E31196E27FB44A26D8 /* Pods_TestProject.framework */,
				8B10E90191A245190C1F21C8 /* Pods_TestProjectTests.framework */,
				6B82E07D94D45B9548ED5994 /* Pods_TestProjectUITests.framework */,
			);
			name = Frameworks;
			sourceTree = "<group>";
		};
		710D81171E396A8C00697D80 = {
			isa = PBXGroup;
			children = (
				710D81221E396A8C00697D80 /* TestProject */,
				710D81371E396A8C00697D80 /* TestProjectTests */,
				710D81421E396A8D00697D80 /* TestProjectUITests */,
				710D81211E396A8C00697D80 /* Products */,
				FDC1EF95277DE6B20F477ECB /* Pods */,
				1EEB6C6D299F5909FC8EB017 /* Frameworks */,
			);
			sourceTree = "<group>";
		};
		710D81211E396A8C00697D80 /* Products */ = {
			isa = PBXGroup;
			children = (
				710D81201E396A8C00697D80 /* TestProject.app */,
				710D81341E396A8C00697D80 /* TestProjectTests.xctest */,
				710D813F1E396A8D00697D80 /* TestProjectUITests.xctest */,
			);
			name = Products;
			sourceTree = "<group>";
		};
		710D81221E396A8C00697D80 /* TestProject */ = {
			isa = PBXGroup;
			children = (
				A287926D1E3E964F00C70880 /* GoogleService-Info.plist */,
				710D81231E396A8C00697D80 /* AppDelegate.swift */,
				A22131C61E4272CF0042272E /* TopView */,
				A22131C51E4267610042272E /* Controllers  */,
				710D81551E396B5E00697D80 /* AnswerChocies */,
				710D812A1E396A8C00697D80 /* Assets.xcassets */,
				710D812C1E396A8C00697D80 /* LaunchScreen.storyboard */,
				710D812F1E396A8C00697D80 /* Info.plist */,
				A22131C21E425B040042272E /* Main.storyboard */,
			);
			path = TestProject;
			sourceTree = "<group>";
		};
		710D81371E396A8C00697D80 /* TestProjectTests */ = {
			isa = PBXGroup;
			children = (
				710D81381E396A8C00697D80 /* TestProjectTests.swift */,
				710D813A1E396A8D00697D80 /* Info.plist */,
			);
			path = TestProjectTests;
			sourceTree = "<group>";
		};
		710D81421E396A8D00697D80 /* TestProjectUITests */ = {
			isa = PBXGroup;
			children = (
				710D81431E396A8D00697D80 /* TestProjectUITests.swift */,
				710D81451E396A8D00697D80 /* Info.plist */,
			);
			path = TestProjectUITests;
			sourceTree = "<group>";
		};
		710D81551E396B5E00697D80 /* AnswerChocies */ = {
			isa = PBXGroup;
			children = (
				710D81511E396B0500697D80 /* DDAnswerChoicesView.swift */,
				710D81531E396B5500697D80 /* DDAnswerChoicesView.xib */,
			);
			name = AnswerChocies;
			sourceTree = "<group>";
		};
		A22131C51E4267610042272E /* Controllers  */ = {
			isa = PBXGroup;
			children = (
				710D81251E396A8C00697D80 /* ViewController.swift */,
				710D81561E39714500697D80 /* DDNewPersonViewController.swift */,
			);
			name = "Controllers ";
			sourceTree = "<group>";
		};
		A22131C61E4272CF0042272E /* TopView */ = {
			isa = PBXGroup;
			children = (
				A22131C71E4272FF0042272E /* TopView.xib */,
				A22131C91E42730D0042272E /* TopView.swift */,
			);
			name = TopView;
			sourceTree = "<group>";
		};
		FDC1EF95277DE6B20F477ECB /* Pods */ = {
			isa = PBXGroup;
			children = (
				592D26D1F28E358F2C395134 /* Pods-TestProject.debug.xcconfig */,
				937BBCE654E29A1C0BA216DA /* Pods-TestProject.release.xcconfig */,
				0AF0DC83DDBAE6BA1E664892 /* Pods-TestProjectTests.debug.xcconfig */,
				95D0310AC190D003C30A66AD /* Pods-TestProjectTests.release.xcconfig */,
				07AC50277E7BCE42A6D3AF37 /* Pods-TestProjectUITests.debug.xcconfig */,
				6475244CF587480D90EC1F9E /* Pods-TestProjectUITests.release.xcconfig */,
			);
			name = Pods;
			sourceTree = "<group>";
		};
/* End PBXGroup section */

/* Begin PBXNativeTarget section */
		710D811F1E396A8C00697D80 /* TestProject */ = {
			isa = PBXNativeTarget;
			buildConfigurationList = 710D81481E396A8D00697D80 /* Build configuration list for PBXNativeTarget "TestProject" */;
			buildPhases = (
				D3AC0F01676F397A5D201838 /* [CP] Check Pods Manifest.lock */,
				710D811C1E396A8C00697D80 /* Sources */,
				710D811D1E396A8C00697D80 /* Frameworks */,
				710D811E1E396A8C00697D80 /* Resources */,
				779D78D0CC810D53AC2AEB27 /* [CP] Embed Pods Frameworks */,
				144A3DB498A66A3A6C6EFF14 /* [CP] Copy Pods Resources */,
			);
			buildRules = (
			);
			dependencies = (
			);
			name = TestProject;
			productName = TestProject;
			productReference = 710D81201E396A8C00697D80 /* TestProject.app */;
			productType = "com.apple.product-type.application";
		};
		710D81331E396A8C00697D80 /* TestProjectTests */ = {
			isa = PBXNativeTarget;
			buildConfigurationList = 710D814B1E396A8D00697D80 /* Build configuration list for PBXNativeTarget "TestProjectTests" */;
			buildPhases = (
				C8C307AA9958C5D692EBD756 /* [CP] Check Pods Manifest.lock */,
				710D81301E396A8C00697D80 /* Sources */,
				710D81311E396A8C00697D80 /* Frameworks */,
				710D81321E396A8C00697D80 /* Resources */,
				1DE9353E371717CFE82C73AF /* [CP] Embed Pods Frameworks */,
				E044C7BC236852A485560659 /* [CP] Copy Pods Resources */,
			);
			buildRules = (
			);
			dependencies = (
				710D81361E396A8C00697D80 /* PBXTargetDependency */,
			);
			name = TestProjectTests;
			productName = TestProjectTests;
			productReference = 710D81341E396A8C00697D80 /* TestProjectTests.xctest */;
			productType = "com.apple.product-type.bundle.unit-test";
		};
		710D813E1E396A8D00697D80 /* TestProjectUITests */ = {
			isa = PBXNativeTarget;
			buildConfigurationList = 710D814E1E396A8D00697D80 /* Build configuration list for PBXNativeTarget "TestProjectUITests" */;
			buildPhases = (
				5287E6326ED10DE2940E4EC2 /* [CP] Check Pods Manifest.lock */,
				710D813B1E396A8D00697D80 /* Sources */,
				710D813C1E396A8D00697D80 /* Frameworks */,
				710D813D1E396A8D00697D80 /* Resources */,
				3AC79E4E2F1165DBAB3A5C3D /* [CP] Embed Pods Frameworks */,
				6E5F827D34A8D665C919A386 /* [CP] Copy Pods Resources */,
			);
			buildRules = (
			);
			dependencies = (
				710D81411E396A8D00697D80 /* PBXTargetDependency */,
			);
			name = TestProjectUITests;
			productName = TestProjectUITests;
			productReference = 710D813F1E396A8D00697D80 /* TestProjectUITests.xctest */;
			productType = "com.apple.product-type.bundle.ui-testing";
		};
/* End PBXNativeTarget section */

/* Begin PBXProject section */
		710D81181E396A8C00697D80 /* Project object */ = {
			isa = PBXProject;
			attributes = {
				LastSwiftUpdateCheck = 0820;
				LastUpgradeCheck = 0820;
				ORGANIZATIONNAME = "Downing Development";
				TargetAttributes = {
					710D811F1E396A8C00697D80 = {
						CreatedOnToolsVersion = 8.2.1;
						DevelopmentTeam = U743V4PW2V;
						ProvisioningStyle = Automatic;
					};
					710D81331E396A8C00697D80 = {
						CreatedOnToolsVersion = 8.2.1;
						DevelopmentTeam = U743V4PW2V;
						ProvisioningStyle = Automatic;
						TestTargetID = 710D811F1E396A8C00697D80;
					};
					710D813E1E396A8D00697D80 = {
						CreatedOnToolsVersion = 8.2.1;
						DevelopmentTeam = U743V4PW2V;
						ProvisioningStyle = Automatic;
						TestTargetID = 710D811F1E396A8C00697D80;
					};
				};
			};
			buildConfigurationList = 710D811B1E396A8C00697D80 /* Build configuration list for PBXProject "TestProject" */;
			compatibilityVersion = "Xcode 3.2";
			developmentRegion = English;
			hasScannedForEncodings = 0;
			knownRegions = (
				en,
				Base,
			);
			mainGroup = 710D81171E396A8C00697D80;
			productRefGroup = 710D81211E396A8C00697D80 /* Products */;
			projectDirPath = "";
			projectRoot = "";
			targets = (
				710D811F1E396A8C00697D80 /* TestProject */,
				710D81331E396A8C00697D80 /* TestProjectTests */,
				710D813E1E396A8D00697D80 /* TestProjectUITests */,
			);
		};
/* End PBXProject section */

/* Begin PBXResourcesBuildPhase section */
		710D811E1E396A8C00697D80 /* Resources */ = {
			isa = PBXResourcesBuildPhase;
			buildActionMask = 2147483647;
			files = (
				A22131C81E4272FF0042272E /* TopView.xib in Resources */,
				710D812E1E396A8C00697D80 /* LaunchScreen.storyboard in Resources */,
				710D81541E396B5500697D80 /* DDAnswerChoicesView.xib in Resources */,
				710D812B1E396A8C00697D80 /* Assets.xcassets in Resources */,
				A22131C41E425B040042272E /* Main.storyboard in Resources */,
				A287926E1E3E964F00C70880 /* GoogleService-Info.plist in Resources */,
			);
			runOnlyForDeploymentPostprocessing = 0;
		};
		710D81321E396A8C00697D80 /* Resources */ = {
			isa = PBXResourcesBuildPhase;
			buildActionMask = 2147483647;
			files = (
			);
			runOnlyForDeploymentPostprocessing = 0;
		};
		710D813D1E396A8D00697D80 /* Resources */ = {
			isa = PBXResourcesBuildPhase;
			buildActionMask = 2147483647;
			files = (
			);
			runOnlyForDeploymentPostprocessing = 0;
		};
/* End PBXResourcesBuildPhase section */

/* Begin PBXShellScriptBuildPhase section */
		144A3DB498A66A3A6C6EFF14 /* [CP] Copy Pods Resources */ = {
			isa = PBXShellScriptBuildPhase;
			buildActionMask = 2147483647;
			files = (
			);
			inputPaths = (
			);
			name = "[CP] Copy Pods Resources";
			outputPaths = (
			);
			runOnlyForDeploymentPostprocessing = 0;
			shellPath = /bin/sh;
			shellScript = "\"${SRCROOT}/Pods/Target Support Files/Pods-TestProject/Pods-TestProject-resources.sh\"\n";
			showEnvVarsInLog = 0;
		};
		1DE9353E371717CFE82C73AF /* [CP] Embed Pods Frameworks */ = {
			isa = PBXShellScriptBuildPhase;
			buildActionMask = 2147483647;
			files = (
			);
			inputPaths = (
			);
			name = "[CP] Embed Pods Frameworks";
			outputPaths = (
			);
			runOnlyForDeploymentPostprocessing = 0;
			shellPath = /bin/sh;
			shellScript = "\"${SRCROOT}/Pods/Target Support Files/Pods-TestProjectTests/Pods-TestProjectTests-frameworks.sh\"\n";
			showEnvVarsInLog = 0;
		};
		3AC79E4E2F1165DBAB3A5C3D /* [CP] Embed Pods Frameworks */ = {
			isa = PBXShellScriptBuildPhase;
			buildActionMask = 2147483647;
			files = (
			);
			inputPaths = (
			);
			name = "[CP] Embed Pods Frameworks";
			outputPaths = (
			);
			runOnlyForDeploymentPostprocessing = 0;
			shellPath = /bin/sh;
			shellScript = "\"${SRCROOT}/Pods/Target Support Files/Pods-TestProjectUITests/Pods-TestProjectUITests-frameworks.sh\"\n";
			showEnvVarsInLog = 0;
		};
		5287E6326ED10DE2940E4EC2 /* [CP] Check Pods Manifest.lock */ = {
			isa = PBXShellScriptBuildPhase;
			buildActionMask = 2147483647;
			files = (
			);
			inputPaths = (
			);
			name = "[CP] Check Pods Manifest.lock";
			outputPaths = (
			);
			runOnlyForDeploymentPostprocessing = 0;
			shellPath = /bin/sh;
			shellScript = "diff \"${PODS_ROOT}/../Podfile.lock\" \"${PODS_ROOT}/Manifest.lock\" > /dev/null\nif [ $? != 0 ] ; then\n    # print error to STDERR\n    echo \"error: The sandbox is not in sync with the Podfile.lock. Run 'pod install' or update your CocoaPods installation.\" >&2\n    exit 1\nfi\n";
			showEnvVarsInLog = 0;
		};
		6E5F827D34A8D665C919A386 /* [CP] Copy Pods Resources */ = {
			isa = PBXShellScriptBuildPhase;
			buildActionMask = 2147483647;
			files = (
			);
			inputPaths = (
			);
			name = "[CP] Copy Pods Resources";
			outputPaths = (
			);
			runOnlyForDeploymentPostprocessing = 0;
			shellPath = /bin/sh;
			shellScript = "\"${SRCROOT}/Pods/Target Support Files/Pods-TestProjectUITests/Pods-TestProjectUITests-resources.sh\"\n";
			showEnvVarsInLog = 0;
		};
		779D78D0CC810D53AC2AEB27 /* [CP] Embed Pods Frameworks */ = {
			isa = PBXShellScriptBuildPhase;
			buildActionMask = 2147483647;
			files = (
			);
			inputPaths = (
			);
			name = "[CP] Embed Pods Frameworks";
			outputPaths = (
			);
			runOnlyForDeploymentPostprocessing = 0;
			shellPath = /bin/sh;
			shellScript = "\"${SRCROOT}/Pods/Target Support Files/Pods-TestProject/Pods-TestProject-frameworks.sh\"\n";
			showEnvVarsInLog = 0;
		};
		C8C307AA9958C5D692EBD756 /* [CP] Check Pods Manifest.lock */ = {
			isa = PBXShellScriptBuildPhase;
			buildActionMask = 2147483647;
			files = (
			);
			inputPaths = (
			);
			name = "[CP] Check Pods Manifest.lock";
			outputPaths = (
			);
			runOnlyForDeploymentPostprocessing = 0;
			shellPath = /bin/sh;
			shellScript = "diff \"${PODS_ROOT}/../Podfile.lock\" \"${PODS_ROOT}/Manifest.lock\" > /dev/null\nif [ $? != 0 ] ; then\n    # print error to STDERR\n    echo \"error: The sandbox is not in sync with the Podfile.lock. Run 'pod install' or update your CocoaPods installation.\" >&2\n    exit 1\nfi\n";
			showEnvVarsInLog = 0;
		};
		D3AC0F01676F397A5D201838 /* [CP] Check Pods Manifest.lock */ = {
			isa = PBXShellScriptBuildPhase;
			buildActionMask = 2147483647;
			files = (
			);
			inputPaths = (
			);
			name = "[CP] Check Pods Manifest.lock";
			outputPaths = (
			);
			runOnlyForDeploymentPostprocessing = 0;
			shellPath = /bin/sh;
			shellScript = "diff \"${PODS_ROOT}/../Podfile.lock\" \"${PODS_ROOT}/Manifest.lock\" > /dev/null\nif [ $? != 0 ] ; then\n    # print error to STDERR\n    echo \"error: The sandbox is not in sync with the Podfile.lock. Run 'pod install' or update your CocoaPods installation.\" >&2\n    exit 1\nfi\n";
			showEnvVarsInLog = 0;
		};
		E044C7BC236852A485560659 /* [CP] Copy Pods Resources */ = {
			isa = PBXShellScriptBuildPhase;
			buildActionMask = 2147483647;
			files = (
			);
			inputPaths = (
			);
			name = "[CP] Copy Pods Resources";
			outputPaths = (
			);
			runOnlyForDeploymentPostprocessing = 0;
			shellPath = /bin/sh;
			shellScript = "\"${SRCROOT}/Pods/Target Support Files/Pods-TestProjectTests/Pods-TestProjectTests-resources.sh\"\n";
			showEnvVarsInLog = 0;
		};
/* End PBXShellScriptBuildPhase section */

/* Begin PBXSourcesBuildPhase section */
		710D811C1E396A8C00697D80 /* Sources */ = {
			isa = PBXSourcesBuildPhase;
			buildActionMask = 2147483647;
			files = (
				710D81521E396B0500697D80 /* DDAnswerChoicesView.swift in Sources */,
				A22131CA1E42730D0042272E /* TopView.swift in Sources */,
				710D81261E396A8C00697D80 /* ViewController.swift in Sources */,
				710D81571E39714500697D80 /* DDNewPersonViewController.swift in Sources */,
				710D81241E396A8C00697D80 /* AppDelegate.swift in Sources */,
			);
			runOnlyForDeploymentPostprocessing = 0;
		};
		710D81301E396A8C00697D80 /* Sources */ = {
			isa = PBXSourcesBuildPhase;
			buildActionMask = 2147483647;
			files = (
				710D81391E396A8C00697D80 /* TestProjectTests.swift in Sources */,
			);
			runOnlyForDeploymentPostprocessing = 0;
		};
		710D813B1E396A8D00697D80 /* Sources */ = {
			isa = PBXSourcesBuildPhase;
			buildActionMask = 2147483647;
			files = (
				710D81441E396A8D00697D80 /* TestProjectUITests.swift in Sources */,
			);
			runOnlyForDeploymentPostprocessing = 0;
		};
/* End PBXSourcesBuildPhase section */

/* Begin PBXTargetDependency section */
		710D81361E396A8C00697D80 /* PBXTargetDependency */ = {
			isa = PBXTargetDependency;
			target = 710D811F1E396A8C00697D80 /* TestProject */;
			targetProxy = 710D81351E396A8C00697D80 /* PBXContainerItemProxy */;
		};
		710D81411E396A8D00697D80 /* PBXTargetDependency */ = {
			isa = PBXTargetDependency;
			target = 710D811F1E396A8C00697D80 /* TestProject */;
			targetProxy = 710D81401E396A8D00697D80 /* PBXContainerItemProxy */;
		};
/* End PBXTargetDependency section */

/* Begin PBXVariantGroup section */
		710D812C1E396A8C00697D80 /* LaunchScreen.storyboard */ = {
			isa = PBXVariantGroup;
			children = (
				710D812D1E396A8C00697D80 /* Base */,
			);
			name = LaunchScreen.storyboard;
			sourceTree = "<group>";
		};
		A22131C21E425B040042272E /* Main.storyboard */ = {
			isa = PBXVariantGroup;
			children = (
				A22131C31E425B040042272E /* Base */,
			);
			name = Main.storyboard;
			sourceTree = "<group>";
		};
/* End PBXVariantGroup section */

/* Begin XCBuildConfiguration section */
		710D81461E396A8D00697D80 /* Debug */ = {
			isa = XCBuildConfiguration;
			buildSettings = {
				ALWAYS_SEARCH_USER_PATHS = NO;
				CLANG_ANALYZER_NONNULL = YES;
				CLANG_CXX_LANGUAGE_STANDARD = "gnu++0x";
				CLANG_CXX_LIBRARY = "libc++";
				CLANG_ENABLE_MODULES = YES;
				CLANG_ENABLE_OBJC_ARC = YES;
				CLANG_WARN_BOOL_CONVERSION = YES;
				CLANG_WARN_CONSTANT_CONVERSION = YES;
				CLANG_WARN_DIRECT_OBJC_ISA_USAGE = YES_ERROR;
				CLANG_WARN_DOCUMENTATION_COMMENTS = YES;
				CLANG_WARN_EMPTY_BODY = YES;
				CLANG_WARN_ENUM_CONVERSION = YES;
				CLANG_WARN_INFINITE_RECURSION = YES;
				CLANG_WARN_INT_CONVERSION = YES;
				CLANG_WARN_OBJC_ROOT_CLASS = YES_ERROR;
				CLANG_WARN_SUSPICIOUS_MOVE = YES;
				CLANG_WARN_UNREACHABLE_CODE = YES;
				CLANG_WARN__DUPLICATE_METHOD_MATCH = YES;
				"CODE_SIGN_IDENTITY[sdk=iphoneos*]" = "iPhone Developer";
				COPY_PHASE_STRIP = NO;
				DEBUG_INFORMATION_FORMAT = dwarf;
				ENABLE_STRICT_OBJC_MSGSEND = YES;
				ENABLE_TESTABILITY = YES;
				GCC_C_LANGUAGE_STANDARD = gnu99;
				GCC_DYNAMIC_NO_PIC = NO;
				GCC_NO_COMMON_BLOCKS = YES;
				GCC_OPTIMIZATION_LEVEL = 0;
				GCC_PREPROCESSOR_DEFINITIONS = (
					"DEBUG=1",
					"$(inherited)",
				);
				GCC_WARN_64_TO_32_BIT_CONVERSION = YES;
				GCC_WARN_ABOUT_RETURN_TYPE = YES_ERROR;
				GCC_WARN_UNDECLARED_SELECTOR = YES;
				GCC_WARN_UNINITIALIZED_AUTOS = YES_AGGRESSIVE;
				GCC_WARN_UNUSED_FUNCTION = YES;
				GCC_WARN_UNUSED_VARIABLE = YES;
				IPHONEOS_DEPLOYMENT_TARGET = 10.2;
				MTL_ENABLE_DEBUG_INFO = YES;
				ONLY_ACTIVE_ARCH = YES;
				SDKROOT = iphoneos;
				SWIFT_ACTIVE_COMPILATION_CONDITIONS = DEBUG;
				SWIFT_OPTIMIZATION_LEVEL = "-Onone";
				TARGETED_DEVICE_FAMILY = "1,2";
			};
			name = Debug;
		};
		710D81471E396A8D00697D80 /* Release */ = {
			isa = XCBuildConfiguration;
			buildSettings = {
				ALWAYS_SEARCH_USER_PATHS = NO;
				CLANG_ANALYZER_NONNULL = YES;
				CLANG_CXX_LANGUAGE_STANDARD = "gnu++0x";
				CLANG_CXX_LIBRARY = "libc++";
				CLANG_ENABLE_MODULES = YES;
				CLANG_ENABLE_OBJC_ARC = YES;
				CLANG_WARN_BOOL_CONVERSION = YES;
				CLANG_WARN_CONSTANT_CONVERSION = YES;
				CLANG_WARN_DIRECT_OBJC_ISA_USAGE = YES_ERROR;
				CLANG_WARN_DOCUMENTATION_COMMENTS = YES;
				CLANG_WARN_EMPTY_BODY = YES;
				CLANG_WARN_ENUM_CONVERSION = YES;
				CLANG_WARN_INFINITE_RECURSION = YES;
				CLANG_WARN_INT_CONVERSION = YES;
				CLANG_WARN_OBJC_ROOT_CLASS = YES_ERROR;
				CLANG_WARN_SUSPICIOUS_MOVE = YES;
				CLANG_WARN_UNREACHABLE_CODE = YES;
				CLANG_WARN__DUPLICATE_METHOD_MATCH = YES;
				"CODE_SIGN_IDENTITY[sdk=iphoneos*]" = "iPhone Developer";
				COPY_PHASE_STRIP = NO;
				DEBUG_INFORMATION_FORMAT = "dwarf-with-dsym";
				ENABLE_NS_ASSERTIONS = NO;
				ENABLE_STRICT_OBJC_MSGSEND = YES;
				GCC_C_LANGUAGE_STANDARD = gnu99;
				GCC_NO_COMMON_BLOCKS = YES;
				GCC_WARN_64_TO_32_BIT_CONVERSION = YES;
				GCC_WARN_ABOUT_RETURN_TYPE = YES_ERROR;
				GCC_WARN_UNDECLARED_SELECTOR = YES;
				GCC_WARN_UNINITIALIZED_AUTOS = YES_AGGRESSIVE;
				GCC_WARN_UNUSED_FUNCTION = YES;
				GCC_WARN_UNUSED_VARIABLE = YES;
				IPHONEOS_DEPLOYMENT_TARGET = 10.2;
				MTL_ENABLE_DEBUG_INFO = NO;
				SDKROOT = iphoneos;
				SWIFT_OPTIMIZATION_LEVEL = "-Owholemodule";
				TARGETED_DEVICE_FAMILY = "1,2";
				VALIDATE_PRODUCT = YES;
			};
			name = Release;
		};
		710D81491E396A8D00697D80 /* Debug */ = {
			isa = XCBuildConfiguration;
			baseConfigurationReference = 592D26D1F28E358F2C395134 /* Pods-TestProject.debug.xcconfig */;
			buildSettings = {
				ASSETCATALOG_COMPILER_APPICON_NAME = AppIcon;
				DEVELOPMENT_TEAM = U743V4PW2V;
				INFOPLIST_FILE = TestProject/Info.plist;
				IPHONEOS_DEPLOYMENT_TARGET = 10.0;
				LD_RUNPATH_SEARCH_PATHS = "$(inherited) @executable_path/Frameworks";
				PRODUCT_BUNDLE_IDENTIFIER = com.DowningDevelopment.TestProject;
				PRODUCT_NAME = "$(TARGET_NAME)";
				SWIFT_VERSION = 3.0;
			};
			name = Debug;
		};
		710D814A1E396A8D00697D80 /* Release */ = {
			isa = XCBuildConfiguration;
			baseConfigurationReference = 937BBCE654E29A1C0BA216DA /* Pods-TestProject.release.xcconfig */;
			buildSettings = {
				ASSETCATALOG_COMPILER_APPICON_NAME = AppIcon;
				DEVELOPMENT_TEAM = U743V4PW2V;
				INFOPLIST_FILE = TestProject/Info.plist;
				IPHONEOS_DEPLOYMENT_TARGET = 10.0;
				LD_RUNPATH_SEARCH_PATHS = "$(inherited) @executable_path/Frameworks";
				PRODUCT_BUNDLE_IDENTIFIER = com.DowningDevelopment.TestProject;
				PRODUCT_NAME = "$(TARGET_NAME)";
				SWIFT_VERSION = 3.0;
			};
			name = Release;
		};
		710D814C1E396A8D00697D80 /* Debug */ = {
			isa = XCBuildConfiguration;
			baseConfigurationReference = 0AF0DC83DDBAE6BA1E664892 /* Pods-TestProjectTests.debug.xcconfig */;
			buildSettings = {
				ALWAYS_EMBED_SWIFT_STANDARD_LIBRARIES = YES;
				BUNDLE_LOADER = "$(TEST_HOST)";
				DEVELOPMENT_TEAM = U743V4PW2V;
				INFOPLIST_FILE = TestProjectTests/Info.plist;
				LD_RUNPATH_SEARCH_PATHS = "$(inherited) @executable_path/Frameworks @loader_path/Frameworks";
				PRODUCT_BUNDLE_IDENTIFIER = com.DowningDevelopment.TestProjectTests;
				PRODUCT_NAME = "$(TARGET_NAME)";
				SWIFT_VERSION = 3.0;
				TEST_HOST = "$(BUILT_PRODUCTS_DIR)/TestProject.app/TestProject";
			};
			name = Debug;
		};
		710D814D1E396A8D00697D80 /* Release */ = {
			isa = XCBuildConfiguration;
			baseConfigurationReference = 95D0310AC190D003C30A66AD /* Pods-TestProjectTests.release.xcconfig */;
			buildSettings = {
				ALWAYS_EMBED_SWIFT_STANDARD_LIBRARIES = YES;
				BUNDLE_LOADER = "$(TEST_HOST)";
				DEVELOPMENT_TEAM = U743V4PW2V;
				INFOPLIST_FILE = TestProjectTests/Info.plist;
				LD_RUNPATH_SEARCH_PATHS = "$(inherited) @executable_path/Frameworks @loader_path/Frameworks";
				PRODUCT_BUNDLE_IDENTIFIER = com.DowningDevelopment.TestProjectTests;
				PRODUCT_NAME = "$(TARGET_NAME)";
				SWIFT_VERSION = 3.0;
				TEST_HOST = "$(BUILT_PRODUCTS_DIR)/TestProject.app/TestProject";
			};
			name = Release;
		};
		710D814F1E396A8D00697D80 /* Debug */ = {
			isa = XCBuildConfiguration;
			baseConfigurationReference = 07AC50277E7BCE42A6D3AF37 /* Pods-TestProjectUITests.debug.xcconfig */;
			buildSettings = {
				ALWAYS_EMBED_SWIFT_STANDARD_LIBRARIES = YES;
				DEVELOPMENT_TEAM = U743V4PW2V;
				INFOPLIST_FILE = TestProjectUITests/Info.plist;
				LD_RUNPATH_SEARCH_PATHS = "$(inherited) @executable_path/Frameworks @loader_path/Frameworks";
				PRODUCT_BUNDLE_IDENTIFIER = com.DowningDevelopment.TestProjectUITests;
				PRODUCT_NAME = "$(TARGET_NAME)";
				SWIFT_VERSION = 3.0;
				TEST_TARGET_NAME = TestProject;
			};
			name = Debug;
		};
		710D81501E396A8D00697D80 /* Release */ = {
			isa = XCBuildConfiguration;
			baseConfigurationReference = 6475244CF587480D90EC1F9E /* Pods-TestProjectUITests.release.xcconfig */;
			buildSettings = {
				ALWAYS_EMBED_SWIFT_STANDARD_LIBRARIES = YES;
				DEVELOPMENT_TEAM = U743V4PW2V;
				INFOPLIST_FILE = TestProjectUITests/Info.plist;
				LD_RUNPATH_SEARCH_PATHS = "$(inherited) @executable_path/Frameworks @loader_path/Frameworks";
				PRODUCT_BUNDLE_IDENTIFIER = com.DowningDevelopment.TestProjectUITests;
				PRODUCT_NAME = "$(TARGET_NAME)";
				SWIFT_VERSION = 3.0;
				TEST_TARGET_NAME = TestProject;
			};
			name = Release;
		};
/* End XCBuildConfiguration section */

/* Begin XCConfigurationList section */
		710D811B1E396A8C00697D80 /* Build configuration list for PBXProject "TestProject" */ = {
			isa = XCConfigurationList;
			buildConfigurations = (
				710D81461E396A8D00697D80 /* Debug */,
				710D81471E396A8D00697D80 /* Release */,
			);
			defaultConfigurationIsVisible = 0;
			defaultConfigurationName = Release;
		};
		710D81481E396A8D00697D80 /* Build configuration list for PBXNativeTarget "TestProject" */ = {
			isa = XCConfigurationList;
			buildConfigurations = (
				710D81491E396A8D00697D80 /* Debug */,
				710D814A1E396A8D00697D80 /* Release */,
			);
			defaultConfigurationIsVisible = 0;
			defaultConfigurationName = Release;
		};
		710D814B1E396A8D00697D80 /* Build configuration list for PBXNativeTarget "TestProjectTests" */ = {
			isa = XCConfigurationList;
			buildConfigurations = (
				710D814C1E396A8D00697D80 /* Debug */,
				710D814D1E396A8D00697D80 /* Release */,
			);
			defaultConfigurationIsVisible = 0;
			defaultConfigurationName = Release;
		};
		710D814E1E396A8D00697D80 /* Build configuration list for PBXNativeTarget "TestProjectUITests" */ = {
			isa = XCConfigurationList;
			buildConfigurations = (
				710D814F1E396A8D00697D80 /* Debug */,
				710D81501E396A8D00697D80 /* Release */,
			);
			defaultConfigurationIsVisible = 0;
			defaultConfigurationName = Release;
		};
/* End XCConfigurationList section */
	};
	rootObject = 710D81181E396A8C00697D80 /* Project object */;
}
